// !$*UTF8*$!
{
	archiveVersion = 1;
	classes = {
	};
	objectVersion = 46;
	objects = {

/* Begin PBXBuildFile section */
		716361141E06AA1300680316 /* TestModule.h in CopyFiles */ = {isa = PBXBuildFile; fileRef = 716361131E06AA1300680316 /* TestModule.h */; };
		716361161E06AA1300680316 /* TestModule.m in Sources */ = {isa = PBXBuildFile; fileRef = 716361151E06AA1300680316 /* TestModule.m */; };
		7163613B1E06AF9900680316 /* TestModule-Framework.h in CopyFiles */ = {isa = PBXBuildFile; fileRef = 7163613A1E06AF9900680316 /* TestModule-Framework.h */; settings = {ATTRIBUTES = (Public, ); }; };
/* End PBXBuildFile section */

/* Begin PBXCopyFilesBuildPhase section */
		7163610E1E06AA1300680316 /* CopyFiles */ = {
			isa = PBXCopyFilesBuildPhase;
			buildActionMask = 2147483647;
			dstPath = "include/$(PRODUCT_NAME)";
			dstSubfolderSpec = 16;
			files = (
				716361141E06AA1300680316 /* TestModule.h in CopyFiles */,
				7163613B1E06AF9900680316 /* TestModule-Framework.h in CopyFiles */,
			);
			runOnlyForDeploymentPostprocessing = 0;
		};
/* End PBXCopyFilesBuildPhase section */

/* Begin PBXFileReference section */
		716361101E06AA1300680316 /* libTestModule.a */ = {isa = PBXFileReference; explicitFileType = archive.ar; includeInIndex = 0; path = libTestModule.a; sourceTree = BUILT_PRODUCTS_DIR; };
		716361131E06AA1300680316 /* TestModule.h */ = {isa = PBXFileReference; lastKnownFileType = sourcecode.c.h; path = TestModule.h; sourceTree = "<group>"; };
		716361151E06AA1300680316 /* TestModule.m */ = {isa = PBXFileReference; lastKnownFileType = sourcecode.c.objc; path = TestModule.m; sourceTree = "<group>"; };
		7163611C1E06AA4400680316 /* TestModuleHeader.h */ = {isa = PBXFileReference; lastKnownFileType = sourcecode.c.h; path = TestModuleHeader.h; sourceTree = "<group>"; };
		716361381E06AF9900680316 /* TestModule-Framework.framework */ = {isa = PBXFileReference; explicitFileType = wrapper.framework; includeInIndex = 0; path = "TestModule-Framework.framework"; sourceTree = BUILT_PRODUCTS_DIR; };
		7163613A1E06AF9900680316 /* TestModule-Framework.h */ = {isa = PBXFileReference; lastKnownFileType = sourcecode.c.h; path = "TestModule-Framework.h"; sourceTree = "<group>"; };
		7163613C1E06AF9900680316 /* Info.plist */ = {isa = PBXFileReference; lastKnownFileType = text.plist.xml; path = Info.plist; sourceTree = "<group>"; };
/* End PBXFileReference section */

/* Begin PBXFrameworksBuildPhase section */
		7163610D1E06AA1300680316 /* Frameworks */ = {
			isa = PBXFrameworksBuildPhase;
			buildActionMask = 2147483647;
			files = (
			);
			runOnlyForDeploymentPostprocessing = 0;
		};
		716361341E06AF9900680316 /* Frameworks */ = {
			isa = PBXFrameworksBuildPhase;
			buildActionMask = 2147483647;
			files = (
			);
			runOnlyForDeploymentPostprocessing = 0;
		};
/* End PBXFrameworksBuildPhase section */

/* Begin PBXGroup section */
		716361071E06AA1300680316 = {
			isa = PBXGroup;
			children = (
				716361121E06AA1300680316 /* TestModule */,
				716361391E06AF9900680316 /* TestModule-Framework */,
				716361111E06AA1300680316 /* Products */,
			);
			sourceTree = "<group>";
		};
		716361111E06AA1300680316 /* Products */ = {
			isa = PBXGroup;
			children = (
				716361101E06AA1300680316 /* libTestModule.a */,
				716361381E06AF9900680316 /* TestModule-Framework.framework */,
			);
			name = Products;
			sourceTree = "<group>";
		};
		716361121E06AA1300680316 /* TestModule */ = {
			isa = PBXGroup;
			children = (
				7163611C1E06AA4400680316 /* TestModuleHeader.h */,
				716361131E06AA1300680316 /* TestModule.h */,
				716361151E06AA1300680316 /* TestModule.m */,
			);
			path = TestModule;
			sourceTree = "<group>";
		};
		716361391E06AF9900680316 /* TestModule-Framework */ = {
			isa = PBXGroup;
			children = (
				7163613A1E06AF9900680316 /* TestModule-Framework.h */,
				7163613C1E06AF9900680316 /* Info.plist */,
			);
			path = "TestModule-Framework";
			sourceTree = "<group>";
		};
/* End PBXGroup section */

/* Begin PBXHeadersBuildPhase section */
		716361351E06AF9900680316 /* Headers */ = {
			isa = PBXHeadersBuildPhase;
			buildActionMask = 2147483647;
			files = (
			);
			runOnlyForDeploymentPostprocessing = 0;
		};
/* End PBXHeadersBuildPhase section */

/* Begin PBXNativeTarget section */
		7163610F1E06AA1300680316 /* TestModule */ = {
			isa = PBXNativeTarget;
			buildConfigurationList = 716361191E06AA1300680316 /* Build configuration list for PBXNativeTarget "TestModule" */;
			buildPhases = (
				7163610C1E06AA1300680316 /* Sources */,
				7163610D1E06AA1300680316 /* Frameworks */,
				7163610E1E06AA1300680316 /* CopyFiles */,
			);
			buildRules = (
			);
			dependencies = (
			);
			name = TestModule;
			productName = TestModule;
			productReference = 716361101E06AA1300680316 /* libTestModule.a */;
			productType = "com.apple.product-type.library.static";
		};
		716361371E06AF9900680316 /* TestModule-Framework */ = {
			isa = PBXNativeTarget;
			buildConfigurationList = 7163613D1E06AF9900680316 /* Build configuration list for PBXNativeTarget "TestModule-Framework" */;
			buildPhases = (
				716361331E06AF9900680316 /* Sources */,
				716361341E06AF9900680316 /* Frameworks */,
				716361351E06AF9900680316 /* Headers */,
				716361361E06AF9900680316 /* Resources */,
			);
			buildRules = (
			);
			dependencies = (
			);
			name = "TestModule-Framework";
			productName = "TestModule-Framework";
			productReference = 716361381E06AF9900680316 /* TestModule-Framework.framework */;
			productType = "com.apple.product-type.framework";
		};
/* End PBXNativeTarget section */

/* Begin PBXProject section */
		716361081E06AA1300680316 /* Project object */ = {
			isa = PBXProject;
			attributes = {
				LastUpgradeCheck = 0720;
				ORGANIZATIONNAME = wzr;
				TargetAttributes = {
					7163610F1E06AA1300680316 = {
						CreatedOnToolsVersion = 7.2.1;
					};
					716361371E06AF9900680316 = {
						CreatedOnToolsVersion = 7.2.1;
					};
				};
			};
			buildConfigurationList = 7163610B1E06AA1300680316 /* Build configuration list for PBXProject "TestModule" */;
			compatibilityVersion = "Xcode 3.2";
			developmentRegion = English;
			hasScannedForEncodings = 0;
			knownRegions = (
				en,
			);
			mainGroup = 716361071E06AA1300680316;
			productRefGroup = 716361111E06AA1300680316 /* Products */;
			projectDirPath = "";
			projectRoot = "";
			targets = (
				7163610F1E06AA1300680316 /* TestModule */,
				716361371E06AF9900680316 /* TestModule-Framework */,
			);
		};
/* End PBXProject section */

/* Begin PBXResourcesBuildPhase section */
		716361361E06AF9900680316 /* Resources */ = {
			isa = PBXResourcesBuildPhase;
			buildActionMask = 2147483647;
			files = (
			);
			runOnlyForDeploymentPostprocessing = 0;
		};
/* End PBXResourcesBuildPhase section */

/* Begin PBXSourcesBuildPhase section */
		7163610C1E06AA1300680316 /* Sources */ = {
			isa = PBXSourcesBuildPhase;
			buildActionMask = 2147483647;
			files = (
				716361161E06AA1300680316 /* TestModule.m in Sources */,
			);
			runOnlyForDeploymentPostprocessing = 0;
		};
		716361331E06AF9900680316 /* Sources */ = {
			isa = PBXSourcesBuildPhase;
			buildActionMask = 2147483647;
			files = (
			);
			runOnlyForDeploymentPostprocessing = 0;
		};
/* End PBXSourcesBuildPhase section */

/* Begin XCBuildConfiguration section */
		716361171E06AA1300680316 /* Debug */ = {
			isa = XCBuildConfiguration;
			buildSettings = {
				ALWAYS_SEARCH_USER_PATHS = NO;
				CLANG_CXX_LANGUAGE_STANDARD = "gnu++0x";
				CLANG_CXX_LIBRARY = "libc++";
				CLANG_ENABLE_MODULES = YES;
				CLANG_ENABLE_OBJC_ARC = YES;
				CLANG_WARN_BOOL_CONVERSION = YES;
				CLANG_WARN_CONSTANT_CONVERSION = YES;
				CLANG_WARN_DIRECT_OBJC_ISA_USAGE = YES_ERROR;
				CLANG_WARN_EMPTY_BODY = YES;
				CLANG_WARN_ENUM_CONVERSION = YES;
				CLANG_WARN_INT_CONVERSION = YES;
				CLANG_WARN_OBJC_ROOT_CLASS = YES_ERROR;
				CLANG_WARN_UNREACHABLE_CODE = YES;
				CLANG_WARN__DUPLICATE_METHOD_MATCH = YES;
				"CODE_SIGN_IDENTITY[sdk=iphoneos*]" = "iPhone Developer";
				COPY_PHASE_STRIP = NO;
				DEBUG_INFORMATION_FORMAT = dwarf;
				ENABLE_STRICT_OBJC_MSGSEND = YES;
				ENABLE_TESTABILITY = YES;
				GCC_C_LANGUAGE_STANDARD = gnu99;
				GCC_DYNAMIC_NO_PIC = NO;
				GCC_NO_COMMON_BLOCKS = YES;
				GCC_OPTIMIZATION_LEVEL = 0;
				GCC_PREPROCESSOR_DEFINITIONS = (
					"DEBUG=1",
					"$(inherited)",
				);
				GCC_WARN_64_TO_32_BIT_CONVERSION = YES;
				GCC_WARN_ABOUT_RETURN_TYPE = YES_ERROR;
				GCC_WARN_UNDECLARED_SELECTOR = YES;
				GCC_WARN_UNINITIALIZED_AUTOS = YES_AGGRESSIVE;
				GCC_WARN_UNUSED_FUNCTION = YES;
				GCC_WARN_UNUSED_VARIABLE = YES;
				IPHONEOS_DEPLOYMENT_TARGET = 9.2;
				MTL_ENABLE_DEBUG_INFO = YES;
				ONLY_ACTIVE_ARCH = YES;
				SDKROOT = iphoneos;
			};
			name = Debug;
		};
		716361181E06AA1300680316 /* Release */ = {
			isa = XCBuildConfiguration;
			buildSettings = {
				ALWAYS_SEARCH_USER_PATHS = NO;
				CLANG_CXX_LANGUAGE_STANDARD = "gnu++0x";
				CLANG_CXX_LIBRARY = "libc++";
				CLANG_ENABLE_MODULES = YES;
				CLANG_ENABLE_OBJC_ARC = YES;
				CLANG_WARN_BOOL_CONVERSION = YES;
				CLANG_WARN_CONSTANT_CONVERSION = YES;
				CLANG_WARN_DIRECT_OBJC_ISA_USAGE = YES_ERROR;
				CLANG_WARN_EMPTY_BODY = YES;
				CLANG_WARN_ENUM_CONVERSION = YES;
				CLANG_WARN_INT_CONVERSION = YES;
				CLANG_WARN_OBJC_ROOT_CLASS = YES_ERROR;
				CLANG_WARN_UNREACHABLE_CODE = YES;
				CLANG_WARN__DUPLICATE_METHOD_MATCH = YES;
				"CODE_SIGN_IDENTITY[sdk=iphoneos*]" = "iPhone Developer";
				COPY_PHASE_STRIP = NO;
				DEBUG_INFORMATION_FORMAT = "dwarf-with-dsym";
				ENABLE_NS_ASSERTIONS = NO;
				ENABLE_STRICT_OBJC_MSGSEND = YES;
				GCC_C_LANGUAGE_STANDARD = gnu99;
				GCC_NO_COMMON_BLOCKS = YES;
				GCC_WARN_64_TO_32_BIT_CONVERSION = YES;
				GCC_WARN_ABOUT_RETURN_TYPE = YES_ERROR;
				GCC_WARN_UNDECLARED_SELECTOR = YES;
				GCC_WARN_UNINITIALIZED_AUTOS = YES_AGGRESSIVE;
				GCC_WARN_UNUSED_FUNCTION = YES;
				GCC_WARN_UNUSED_VARIABLE = YES;
				IPHONEOS_DEPLOYMENT_TARGET = 9.2;
				MTL_ENABLE_DEBUG_INFO = NO;
				SDKROOT = iphoneos;
				VALIDATE_PRODUCT = YES;
			};
			name = Release;
		};
		7163611A1E06AA1300680316 /* Debug */ = {
			isa = XCBuildConfiguration;
			buildSettings = {
				OTHER_LDFLAGS = "-ObjC";
				PRODUCT_NAME = "$(TARGET_NAME)";
				SKIP_INSTALL = YES;
			};
			name = Debug;
		};
		7163611B1E06AA1300680316 /* Release */ = {
			isa = XCBuildConfiguration;
			buildSettings = {
				OTHER_LDFLAGS = "-ObjC";
				PRODUCT_NAME = "$(TARGET_NAME)";
				SKIP_INSTALL = YES;
			};
			name = Release;
		};
		7163613E1E06AF9900680316 /* Debug */ = {
			isa = XCBuildConfiguration;
			buildSettings = {
				CURRENT_PROJECT_VERSION = 1;
				DEFINES_MODULE = YES;
				DYLIB_COMPATIBILITY_VERSION = 1;
				DYLIB_CURRENT_VERSION = 1;
				DYLIB_INSTALL_NAME_BASE = "@rpath";
				INFOPLIST_FILE = "TestModule-Framework/Info.plist";
				INSTALL_PATH = "$(LOCAL_LIBRARY_DIR)/Frameworks";
				LD_RUNPATH_SEARCH_PATHS = "$(inherited) @executable_path/Frameworks @loader_path/Frameworks";
				PRODUCT_BUNDLE_IDENTIFIER = "com.wzr.www.TestModule-Framework";
				PRODUCT_NAME = "$(TARGET_NAME)";
				SKIP_INSTALL = YES;
				TARGETED_DEVICE_FAMILY = "1,2";
				VERSIONING_SYSTEM = "apple-generic";
				VERSION_INFO_PREFIX = "";
			};
			name = Debug;
		};
		7163613F1E06AF9900680316 /* Release */ = {
			isa = XCBuildConfiguration;
			buildSettings = {
				CURRENT_PROJECT_VERSION = 1;
				DEFINES_MODULE = YES;
				DYLIB_COMPATIBILITY_VERSION = 1;
				DYLIB_CURRENT_VERSION = 1;
				DYLIB_INSTALL_NAME_BASE = "@rpath";
				INFOPLIST_FILE = "TestModule-Framework/Info.plist";
				INSTALL_PATH = "$(LOCAL_LIBRARY_DIR)/Frameworks";
				LD_RUNPATH_SEARCH_PATHS = "$(inherited) @executable_path/Frameworks @loader_path/Frameworks";
				PRODUCT_BUNDLE_IDENTIFIER = "com.wzr.www.TestModule-Framework";
				PRODUCT_NAME = "$(TARGET_NAME)";
				SKIP_INSTALL = YES;
				TARGETED_DEVICE_FAMILY = "1,2";
				VERSIONING_SYSTEM = "apple-generic";
				VERSION_INFO_PREFIX = "";
			};
			name = Release;
		};
/* End XCBuildConfiguration section */

/* Begin XCConfigurationList section */
		7163610B1E06AA1300680316 /* Build configuration list for PBXProject "TestModule" */ = {
			isa = XCConfigurationList;
			buildConfigurations = (
				716361171E06AA1300680316 /* Debug */,
				716361181E06AA1300680316 /* Release */,
			);
			defaultConfigurationIsVisible = 0;
			defaultConfigurationName = Release;
		};
		716361191E06AA1300680316 /* Build configuration list for PBXNativeTarget "TestModule" */ = {
			isa = XCConfigurationList;
			buildConfigurations = (
				7163611A1E06AA1300680316 /* Debug */,
				7163611B1E06AA1300680316 /* Release */,
			);
			defaultConfigurationIsVisible = 0;
		};
		7163613D1E06AF9900680316 /* Build configuration list for PBXNativeTarget "TestModule-Framework" */ = {
			isa = XCConfigurationList;
			buildConfigurations = (
				7163613E1E06AF9900680316 /* Debug */,
				7163613F1E06AF9900680316 /* Release */,
			);
			defaultConfigurationIsVisible = 0;
		};
/* End XCConfigurationList section */
	};
	rootObject = 716361081E06AA1300680316 /* Project object */;
}
